
Microsoft Visual Studio Solution File, Format Version 12.00
# Visual Studio 15
VisualStudioVersion = 15.0.27130.2036
MinimumVisualStudioVersion = 10.0.40219.1
Project("{FAE04EC0-301F-11D3-BF4B-00C04F79EFBC}") = "bp.jpkVat", "jpkVat\bp.jpkVat.csproj", "{3DD9CD7B-AC2B-4F77-9F45-E3426051EF30}"
EndProject
Project("{9A19103F-16F7-4668-BE54-9A1E7A4F7556}") = "bp.shared", "..\bp.shared\bp.shared\bp.shared.csproj", "{5E35ED75-23F1-4CC6-A972-9D63FF587E2A}"
EndProject
Global
	GlobalSection(SolutionConfigurationPlatforms) = preSolution
		Debug|Any CPU = Debug|Any CPU
		Release|Any CPU = Release|Any CPU
	EndGlobalSection
	GlobalSection(ProjectConfigurationPlatforms) = postSolution
		{3DD9CD7B-AC2B-4F77-9F45-E3426051EF30}.Debug|Any CPU.ActiveCfg = Debug|Any CPU
		{3DD9CD7B-AC2B-4F77-9F45-E3426051EF30}.Debug|Any CPU.Build.0 = Debug|Any CPU
		{3DD9CD7B-AC2B-4F77-9F45-E3426051EF30}.Release|Any CPU.ActiveCfg = Release|Any CPU
		{3DD9CD7B-AC2B-4F77-9F45-E3426051EF30}.Release|Any CPU.Build.0 = Release|Any CPU
		{5E35ED75-23F1-4CC6-A972-9D63FF587E2A}.Debug|Any CPU.ActiveCfg = Debug|Any CPU
		{5E35ED75-23F1-4CC6-A972-9D63FF587E2A}.Debug|Any CPU.Build.0 = Debug|Any CPU
		{5E35ED75-23F1-4CC6-A972-9D63FF587E2A}.Release|Any CPU.ActiveCfg = Release|Any CPU
		{5E35ED75-23F1-4CC6-A972-9D63FF587E2A}.Release|Any CPU.Build.0 = Release|Any CPU
	EndGlobalSection
	GlobalSection(SolutionProperties) = preSolution
		HideSolutionNode = FALSE
	EndGlobalSection
	GlobalSection(ExtensibilityGlobals) = postSolution
		SolutionGuid = {C491871F-3492-4B89-A94C-30B9AF0793E4}
	EndGlobalSection
EndGlobal
